
Microsoft Visual Studio Solution File, Format Version 12.00
# Visual Studio Version 16
VisualStudioVersion = 16.0.28803.156
MinimumVisualStudioVersion = 15.0.26124.0
Project("{9A19103F-16F7-4668-BE54-9A1E7A4F7556}") = "PortfolioFollow.Api", "PortfolioFollow.Api\PortfolioFollow.Api.csproj", "{DF13D886-BC8B-4091-9DBD-CB2E7776A58F}"
EndProject
Project("{9A19103F-16F7-4668-BE54-9A1E7A4F7556}") = "PortfolioFollow.Domain", "PortfolioFollow.Domain\PortfolioFollow.Domain.csproj", "{D80853B1-48CD-4A70-B7BD-D691377A4DC4}"
EndProject
Project("{9A19103F-16F7-4668-BE54-9A1E7A4F7556}") = "PortfolioFollow.Service", "PortfolioFollow.Service\PortfolioFollow.Service.csproj", "{0251926C-4A83-419A-8A94-F9B207524929}"
EndProject
Global
	GlobalSection(SolutionConfigurationPlatforms) = preSolution
		Debug|Any CPU = Debug|Any CPU
		Debug|x64 = Debug|x64
		Debug|x86 = Debug|x86
		Release|Any CPU = Release|Any CPU
		Release|x64 = Release|x64
		Release|x86 = Release|x86
	EndGlobalSection
	GlobalSection(ProjectConfigurationPlatforms) = postSolution
		{DF13D886-BC8B-4091-9DBD-CB2E7776A58F}.Debug|Any CPU.ActiveCfg = Debug|Any CPU
		{DF13D886-BC8B-4091-9DBD-CB2E7776A58F}.Debug|Any CPU.Build.0 = Debug|Any CPU
		{DF13D886-BC8B-4091-9DBD-CB2E7776A58F}.Debug|x64.ActiveCfg = Debug|Any CPU
		{DF13D886-BC8B-4091-9DBD-CB2E7776A58F}.Debug|x64.Build.0 = Debug|Any CPU
		{DF13D886-BC8B-4091-9DBD-CB2E7776A58F}.Debug|x86.ActiveCfg = Debug|Any CPU
		{DF13D886-BC8B-4091-9DBD-CB2E7776A58F}.Debug|x86.Build.0 = Debug|Any CPU
		{DF13D886-BC8B-4091-9DBD-CB2E7776A58F}.Release|Any CPU.ActiveCfg = Release|Any CPU
		{DF13D886-BC8B-4091-9DBD-CB2E7776A58F}.Release|Any CPU.Build.0 = Release|Any CPU
		{DF13D886-BC8B-4091-9DBD-CB2E7776A58F}.Release|x64.ActiveCfg = Release|Any CPU
		{DF13D886-BC8B-4091-9DBD-CB2E7776A58F}.Release|x64.Build.0 = Release|Any CPU
		{DF13D886-BC8B-4091-9DBD-CB2E7776A58F}.Release|x86.ActiveCfg = Release|Any CPU
		{DF13D886-BC8B-4091-9DBD-CB2E7776A58F}.Release|x86.Build.0 = Release|Any CPU
		{D80853B1-48CD-4A70-B7BD-D691377A4DC4}.Debug|Any CPU.ActiveCfg = Debug|Any CPU
		{D80853B1-48CD-4A70-B7BD-D691377A4DC4}.Debug|Any CPU.Build.0 = Debug|Any CPU
		{D80853B1-48CD-4A70-B7BD-D691377A4DC4}.Debug|x64.ActiveCfg = Debug|Any CPU
		{D80853B1-48CD-4A70-B7BD-D691377A4DC4}.Debug|x64.Build.0 = Debug|Any CPU
		{D80853B1-48CD-4A70-B7BD-D691377A4DC4}.Debug|x86.ActiveCfg = Debug|Any CPU
		{D80853B1-48CD-4A70-B7BD-D691377A4DC4}.Debug|x86.Build.0 = Debug|Any CPU
		{D80853B1-48CD-4A70-B7BD-D691377A4DC4}.Release|Any CPU.ActiveCfg = Release|Any CPU
		{D80853B1-48CD-4A70-B7BD-D691377A4DC4}.Release|Any CPU.Build.0 = Release|Any CPU
		{D80853B1-48CD-4A70-B7BD-D691377A4DC4}.Release|x64.ActiveCfg = Release|Any CPU
		{D80853B1-48CD-4A70-B7BD-D691377A4DC4}.Release|x64.Build.0 = Release|Any CPU
		{D80853B1-48CD-4A70-B7BD-D691377A4DC4}.Release|x86.ActiveCfg = Release|Any CPU
		{D80853B1-48CD-4A70-B7BD-D691377A4DC4}.Release|x86.Build.0 = Release|Any CPU
		{0251926C-4A83-419A-8A94-F9B207524929}.Debug|Any CPU.ActiveCfg = Debug|Any CPU
		{0251926C-4A83-419A-8A94-F9B207524929}.Debug|Any CPU.Build.0 = Debug|Any CPU
		{0251926C-4A83-419A-8A94-F9B207524929}.Debug|x64.ActiveCfg = Debug|Any CPU
		{0251926C-4A83-419A-8A94-F9B207524929}.Debug|x64.Build.0 = Debug|Any CPU
		{0251926C-4A83-419A-8A94-F9B207524929}.Debug|x86.ActiveCfg = Debug|Any CPU
		{0251926C-4A83-419A-8A94-F9B207524929}.Debug|x86.Build.0 = Debug|Any CPU
		{0251926C-4A83-419A-8A94-F9B207524929}.Release|Any CPU.ActiveCfg = Release|Any CPU
		{0251926C-4A83-419A-8A94-F9B207524929}.Release|Any CPU.Build.0 = Release|Any CPU
		{0251926C-4A83-419A-8A94-F9B207524929}.Release|x64.ActiveCfg = Release|Any CPU
		{0251926C-4A83-419A-8A94-F9B207524929}.Release|x64.Build.0 = Release|Any CPU
		{0251926C-4A83-419A-8A94-F9B207524929}.Release|x86.ActiveCfg = Release|Any CPU
		{0251926C-4A83-419A-8A94-F9B207524929}.Release|x86.Build.0 = Release|Any CPU
	EndGlobalSection
	GlobalSection(SolutionProperties) = preSolution
		HideSolutionNode = FALSE
	EndGlobalSection
	GlobalSection(ExtensibilityGlobals) = postSolution
		SolutionGuid = {B0E13DF4-9634-45C6-8E4E-7497EDA5DC0A}
	EndGlobalSection
EndGlobal
